# This file was autogenerated by Stack.
# You should not edit this file by hand.
# For more information, please see the documentation at:
#   https://docs.haskellstack.org/en/stable/lock_files

packages:
- completed:
    hackage: hsyslog-5.0.2@sha256:0b604c9f3d1bcbe7cd223b1b530110309ae01f2d7c57bc08ffc4fc31ad21324c,2491
    pantry-tree:
      size: 780
      sha256: 618ec0c6d6a3a4d6c7a093935481de5a9a9708b3548ef8eb34bbeb458dbd656b
  original:
    hackage: hsyslog-5.0.2
snapshots:
- completed:
    size: 590100
    url: https://raw.githubusercontent.com/commercialhaskell/stackage-snapshots/master/lts/18/28.yaml
    sha256: 428ec8d5ce932190d3cbe266b9eb3c175cd81e984babf876b64019e2cbe4ea68
  original: lts-18.28
