# This file was autogenerated by Stack.
# You should not edit this file by hand.
# For more information, please see the documentation at:
#   https://docs.haskellstack.org/en/stable/lock_files

packages:
- completed:
    hackage: hsyslog-4@sha256:73f8010b191da91007809db6cf2f2b5a7d7d59732a9c302457ce0816ffe7a25a,1469
    pantry-tree:
      size: 275
      sha256: 40f2da0a2cf25d9cc30311cb7feb37330475cf2180246a9ce8d0d6d859bac0a2
  original:
    hackage: hsyslog-4
snapshots:
- completed:
    size: 565266
    url: https://raw.githubusercontent.com/commercialhaskell/stackage-snapshots/master/lts/17/5.yaml
    sha256: 78e8ebabf11406261abbc95b44f240acf71802630b368888f6d758de7fc3a2f7
  original: lts-17.5
